
Microsoft Visual Studio Solution File, Format Version 12.00
# Visual Studio 14
VisualStudioVersion = 14.0.25420.1
MinimumVisualStudioVersion = 10.0.40219.1
Project("{FAE04EC0-301F-11D3-BF4B-00C04F79EFBC}") = "TicketingSysteem", "TicketingSysteem\TicketingSysteem.csproj", "{8A539A4B-DD73-4E6F-B553-F04B613992E0}"
EndProject
Project("{FAE04EC0-301F-11D3-BF4B-00C04F79EFBC}") = "TicketingSysteem.DataAccess", "TicketingSysteem.DataAccess\TicketingSysteem.DataAccess.csproj", "{7EAF486A-B021-4660-9BCD-B47F9C956A16}"
EndProject
Project("{FAE04EC0-301F-11D3-BF4B-00C04F79EFBC}") = "TicketingSysteem.Entities", "TicketingSysteem.Entities\TicketingSysteem.Entities.csproj", "{48CB4CBE-1AD3-434A-AD90-1D76F5760DAB}"
EndProject
Project("{FAE04EC0-301F-11D3-BF4B-00C04F79EFBC}") = "TicketingSysteem.Business", "TicketingSysteem.Business\TicketingSysteem.Business.csproj", "{92C17BA9-EF87-426B-B84B-3338A4B197F2}"
EndProject
Global
	GlobalSection(SolutionConfigurationPlatforms) = preSolution
		Debug|Any CPU = Debug|Any CPU
		Release|Any CPU = Release|Any CPU
	EndGlobalSection
	GlobalSection(ProjectConfigurationPlatforms) = postSolution
		{8A539A4B-DD73-4E6F-B553-F04B613992E0}.Debug|Any CPU.ActiveCfg = Debug|Any CPU
		{8A539A4B-DD73-4E6F-B553-F04B613992E0}.Debug|Any CPU.Build.0 = Debug|Any CPU
		{8A539A4B-DD73-4E6F-B553-F04B613992E0}.Release|Any CPU.ActiveCfg = Release|Any CPU
		{8A539A4B-DD73-4E6F-B553-F04B613992E0}.Release|Any CPU.Build.0 = Release|Any CPU
		{7EAF486A-B021-4660-9BCD-B47F9C956A16}.Debug|Any CPU.ActiveCfg = Debug|Any CPU
		{7EAF486A-B021-4660-9BCD-B47F9C956A16}.Debug|Any CPU.Build.0 = Debug|Any CPU
		{7EAF486A-B021-4660-9BCD-B47F9C956A16}.Release|Any CPU.ActiveCfg = Release|Any CPU
		{7EAF486A-B021-4660-9BCD-B47F9C956A16}.Release|Any CPU.Build.0 = Release|Any CPU
		{48CB4CBE-1AD3-434A-AD90-1D76F5760DAB}.Debug|Any CPU.ActiveCfg = Debug|Any CPU
		{48CB4CBE-1AD3-434A-AD90-1D76F5760DAB}.Debug|Any CPU.Build.0 = Debug|Any CPU
		{48CB4CBE-1AD3-434A-AD90-1D76F5760DAB}.Release|Any CPU.ActiveCfg = Release|Any CPU
		{48CB4CBE-1AD3-434A-AD90-1D76F5760DAB}.Release|Any CPU.Build.0 = Release|Any CPU
		{92C17BA9-EF87-426B-B84B-3338A4B197F2}.Debug|Any CPU.ActiveCfg = Debug|Any CPU
		{92C17BA9-EF87-426B-B84B-3338A4B197F2}.Debug|Any CPU.Build.0 = Debug|Any CPU
		{92C17BA9-EF87-426B-B84B-3338A4B197F2}.Release|Any CPU.ActiveCfg = Release|Any CPU
		{92C17BA9-EF87-426B-B84B-3338A4B197F2}.Release|Any CPU.Build.0 = Release|Any CPU
	EndGlobalSection
	GlobalSection(SolutionProperties) = preSolution
		HideSolutionNode = FALSE
	EndGlobalSection
EndGlobal
